
Microsoft Visual Studio Solution File, Format Version 12.00
# Visual Studio Version 16
VisualStudioVersion = 16.0.31129.286
MinimumVisualStudioVersion = 10.0.40219.1
Project("{2150E333-8FDC-42A3-9474-1A3956D46DE8}") = "Doc", "Doc", "{6930C1F2-A2A2-4477-8F47-BC15C670C2C1}"
EndProject
Project("{2150E333-8FDC-42A3-9474-1A3956D46DE8}") = "Src", "Src", "{D96B1562-69F3-4532-908B-C29233F20A78}"
EndProject
Project("{2150E333-8FDC-42A3-9474-1A3956D46DE8}") = "Test", "Test", "{DFF6E9C4-41E0-40CE-85AC-659727AA75CA}"
EndProject
Project("{2150E333-8FDC-42A3-9474-1A3956D46DE8}") = "Common", "Common", "{77508BEC-619B-4217-8E7A-62C38A5A7913}"
EndProject
Project("{2150E333-8FDC-42A3-9474-1A3956D46DE8}") = "Core", "Core", "{0C80C1DF-9F11-49E0-83D1-C451A030F177}"
EndProject
Project("{2150E333-8FDC-42A3-9474-1A3956D46DE8}") = "Infrastructure", "Infrastructure", "{D0B5D7A3-9DD8-49A1-AD2D-7A420FE6078E}"
EndProject
Project("{2150E333-8FDC-42A3-9474-1A3956D46DE8}") = "Presentation", "Presentation", "{DE336B0E-B80B-4AFE-B8E2-BA0AAE5752B3}"
EndProject
Project("{FAE04EC0-301F-11D3-BF4B-00C04F79EFBC}") = "Alo_Store.Domain", "Alo_Store.Domain\Alo_Store.Domain.csproj", "{821E4F3C-0113-4320-A4E6-9D99C8A8EE23}"
EndProject
Project("{FAE04EC0-301F-11D3-BF4B-00C04F79EFBC}") = "Alo_Store.Application", "Alo_Store.Application\Alo_Store.Application.csproj", "{FC3FB4A1-DB65-451C-BB93-4C3D1D1E991C}"
EndProject
Project("{FAE04EC0-301F-11D3-BF4B-00C04F79EFBC}") = "Alo_Store.Infrastructure", "Alo_Store.Infrastructure\Alo_Store.Infrastructure.csproj", "{17678420-3786-41E2-BA90-B25F78A11DFB}"
EndProject
Project("{FAE04EC0-301F-11D3-BF4B-00C04F79EFBC}") = "Alo_Store.Persistence", "Alo_Store.Persistence\Alo_Store.Persistence.csproj", "{EA1941DA-E256-4B61-94F2-84B7059CB9AC}"
EndProject
Project("{FAE04EC0-301F-11D3-BF4B-00C04F79EFBC}") = "Alo_Store.Common", "Alo_Store.Common\Alo_Store.Common.csproj", "{FC65CA5A-F111-4308-998B-51BABC4FC77F}"
EndProject
Project("{FAE04EC0-301F-11D3-BF4B-00C04F79EFBC}") = "EndPoint.Store", "EndPoint.Store\EndPoint.Store.csproj", "{0D29F1EB-F8E4-4CFE-866F-C05B0DBAF6EE}"
EndProject
Global
	GlobalSection(SolutionConfigurationPlatforms) = preSolution
		Debug|Any CPU = Debug|Any CPU
		Release|Any CPU = Release|Any CPU
	EndGlobalSection
	GlobalSection(ProjectConfigurationPlatforms) = postSolution
		{821E4F3C-0113-4320-A4E6-9D99C8A8EE23}.Debug|Any CPU.ActiveCfg = Debug|Any CPU
		{821E4F3C-0113-4320-A4E6-9D99C8A8EE23}.Debug|Any CPU.Build.0 = Debug|Any CPU
		{821E4F3C-0113-4320-A4E6-9D99C8A8EE23}.Release|Any CPU.ActiveCfg = Release|Any CPU
		{821E4F3C-0113-4320-A4E6-9D99C8A8EE23}.Release|Any CPU.Build.0 = Release|Any CPU
		{FC3FB4A1-DB65-451C-BB93-4C3D1D1E991C}.Debug|Any CPU.ActiveCfg = Debug|Any CPU
		{FC3FB4A1-DB65-451C-BB93-4C3D1D1E991C}.Debug|Any CPU.Build.0 = Debug|Any CPU
		{FC3FB4A1-DB65-451C-BB93-4C3D1D1E991C}.Release|Any CPU.ActiveCfg = Release|Any CPU
		{FC3FB4A1-DB65-451C-BB93-4C3D1D1E991C}.Release|Any CPU.Build.0 = Release|Any CPU
		{17678420-3786-41E2-BA90-B25F78A11DFB}.Debug|Any CPU.ActiveCfg = Debug|Any CPU
		{17678420-3786-41E2-BA90-B25F78A11DFB}.Debug|Any CPU.Build.0 = Debug|Any CPU
		{17678420-3786-41E2-BA90-B25F78A11DFB}.Release|Any CPU.ActiveCfg = Release|Any CPU
		{17678420-3786-41E2-BA90-B25F78A11DFB}.Release|Any CPU.Build.0 = Release|Any CPU
		{EA1941DA-E256-4B61-94F2-84B7059CB9AC}.Debug|Any CPU.ActiveCfg = Debug|Any CPU
		{EA1941DA-E256-4B61-94F2-84B7059CB9AC}.Debug|Any CPU.Build.0 = Debug|Any CPU
		{EA1941DA-E256-4B61-94F2-84B7059CB9AC}.Release|Any CPU.ActiveCfg = Release|Any CPU
		{EA1941DA-E256-4B61-94F2-84B7059CB9AC}.Release|Any CPU.Build.0 = Release|Any CPU
		{FC65CA5A-F111-4308-998B-51BABC4FC77F}.Debug|Any CPU.ActiveCfg = Debug|Any CPU
		{FC65CA5A-F111-4308-998B-51BABC4FC77F}.Debug|Any CPU.Build.0 = Debug|Any CPU
		{FC65CA5A-F111-4308-998B-51BABC4FC77F}.Release|Any CPU.ActiveCfg = Release|Any CPU
		{FC65CA5A-F111-4308-998B-51BABC4FC77F}.Release|Any CPU.Build.0 = Release|Any CPU
		{0D29F1EB-F8E4-4CFE-866F-C05B0DBAF6EE}.Debug|Any CPU.ActiveCfg = Debug|Any CPU
		{0D29F1EB-F8E4-4CFE-866F-C05B0DBAF6EE}.Debug|Any CPU.Build.0 = Debug|Any CPU
		{0D29F1EB-F8E4-4CFE-866F-C05B0DBAF6EE}.Release|Any CPU.ActiveCfg = Release|Any CPU
		{0D29F1EB-F8E4-4CFE-866F-C05B0DBAF6EE}.Release|Any CPU.Build.0 = Release|Any CPU
	EndGlobalSection
	GlobalSection(SolutionProperties) = preSolution
		HideSolutionNode = FALSE
	EndGlobalSection
	GlobalSection(NestedProjects) = preSolution
		{77508BEC-619B-4217-8E7A-62C38A5A7913} = {D96B1562-69F3-4532-908B-C29233F20A78}
		{0C80C1DF-9F11-49E0-83D1-C451A030F177} = {D96B1562-69F3-4532-908B-C29233F20A78}
		{D0B5D7A3-9DD8-49A1-AD2D-7A420FE6078E} = {D96B1562-69F3-4532-908B-C29233F20A78}
		{DE336B0E-B80B-4AFE-B8E2-BA0AAE5752B3} = {D96B1562-69F3-4532-908B-C29233F20A78}
		{821E4F3C-0113-4320-A4E6-9D99C8A8EE23} = {0C80C1DF-9F11-49E0-83D1-C451A030F177}
		{FC3FB4A1-DB65-451C-BB93-4C3D1D1E991C} = {0C80C1DF-9F11-49E0-83D1-C451A030F177}
		{17678420-3786-41E2-BA90-B25F78A11DFB} = {D0B5D7A3-9DD8-49A1-AD2D-7A420FE6078E}
		{EA1941DA-E256-4B61-94F2-84B7059CB9AC} = {D0B5D7A3-9DD8-49A1-AD2D-7A420FE6078E}
		{FC65CA5A-F111-4308-998B-51BABC4FC77F} = {77508BEC-619B-4217-8E7A-62C38A5A7913}
		{0D29F1EB-F8E4-4CFE-866F-C05B0DBAF6EE} = {DE336B0E-B80B-4AFE-B8E2-BA0AAE5752B3}
	EndGlobalSection
	GlobalSection(ExtensibilityGlobals) = postSolution
		SolutionGuid = {71F45F81-F8E9-4DC3-BBD3-CEF00ADA0FDF}
	EndGlobalSection
EndGlobal
